
Microsoft Visual Studio Solution File, Format Version 12.00
# Visual Studio Version 16
VisualStudioVersion = 16.0.30503.244
MinimumVisualStudioVersion = 10.0.40219.1
Project("{9A19103F-16F7-4668-BE54-9A1E7A4F7556}") = "ProductAppSample", "ProductAppSample\ProductAppSample.csproj", "{18B8BF8F-32B3-406A-BD17-BA4E69540E2B}"
EndProject
Project("{00D1A9C2-B5F0-4AF3-8072-F6C62B433612}") = "ProductAppSampleDB", "ProductAppSampleDB\ProductAppSampleDB.sqlproj", "{13E62006-7380-434B-B933-C8010D49DDF7}"
EndProject
Global
	GlobalSection(SolutionConfigurationPlatforms) = preSolution
		Debug|Any CPU = Debug|Any CPU
		Release|Any CPU = Release|Any CPU
	EndGlobalSection
	GlobalSection(ProjectConfigurationPlatforms) = postSolution
		{18B8BF8F-32B3-406A-BD17-BA4E69540E2B}.Debug|Any CPU.ActiveCfg = Debug|Any CPU
		{18B8BF8F-32B3-406A-BD17-BA4E69540E2B}.Debug|Any CPU.Build.0 = Debug|Any CPU
		{18B8BF8F-32B3-406A-BD17-BA4E69540E2B}.Release|Any CPU.ActiveCfg = Release|Any CPU
		{18B8BF8F-32B3-406A-BD17-BA4E69540E2B}.Release|Any CPU.Build.0 = Release|Any CPU
		{13E62006-7380-434B-B933-C8010D49DDF7}.Debug|Any CPU.ActiveCfg = Debug|Any CPU
		{13E62006-7380-434B-B933-C8010D49DDF7}.Debug|Any CPU.Build.0 = Debug|Any CPU
		{13E62006-7380-434B-B933-C8010D49DDF7}.Debug|Any CPU.Deploy.0 = Debug|Any CPU
		{13E62006-7380-434B-B933-C8010D49DDF7}.Release|Any CPU.ActiveCfg = Release|Any CPU
		{13E62006-7380-434B-B933-C8010D49DDF7}.Release|Any CPU.Build.0 = Release|Any CPU
		{13E62006-7380-434B-B933-C8010D49DDF7}.Release|Any CPU.Deploy.0 = Release|Any CPU
	EndGlobalSection
	GlobalSection(SolutionProperties) = preSolution
		HideSolutionNode = FALSE
	EndGlobalSection
	GlobalSection(ExtensibilityGlobals) = postSolution
		SolutionGuid = {1929C2F9-CBDB-4422-A925-F44BFAE1AD11}
	EndGlobalSection
EndGlobal
